
Microsoft Visual Studio Solution File, Format Version 12.00
# Visual Studio 15
VisualStudioVersion = 15.0.28010.2003
MinimumVisualStudioVersion = 10.0.40219.1
Project("{9A19103F-16F7-4668-BE54-9A1E7A4F7556}") = "SDHCMongoDBWeb", "WebApplication1\SDHCMongoDBWeb.csproj", "{BF0182A3-6723-4B02-9A64-1C897DC609A0}"
EndProject
Project("{9A19103F-16F7-4668-BE54-9A1E7A4F7556}") = "SDHCC.Core", "SDHCC.Core\SDHCC.Core.csproj", "{02ECB3B4-70B7-420D-9830-2425F8D16AB6}"
EndProject
Project("{9A19103F-16F7-4668-BE54-9A1E7A4F7556}") = "SDHCC.DB", "SDHCC.DB\SDHCC.DB.csproj", "{7FE48427-3E08-47DF-B4B6-E7B2FEAC5676}"
EndProject
Project("{9A19103F-16F7-4668-BE54-9A1E7A4F7556}") = "SDHCC.Identity", "SDHCC.Identity\SDHCC.Identity.csproj", "{4373AC79-08D0-4660-B937-25D3CA7E7B35}"
EndProject
Project("{9A19103F-16F7-4668-BE54-9A1E7A4F7556}") = "MVCAuth", "MVCAuth\MVCAuth.csproj", "{0B8F6471-819B-4E11-A843-1D4B9120542A}"
EndProject
Project("{9A19103F-16F7-4668-BE54-9A1E7A4F7556}") = "MVCArea", "MVCArea\MVCArea.csproj", "{D9EBBBC1-13A5-4DB5-9C76-F878FE915663}"
EndProject
Project("{9A19103F-16F7-4668-BE54-9A1E7A4F7556}") = "SDHCCContent", "SDHCCContent\SDHCCContent.csproj", "{7BB67277-D6B0-46C1-BAC3-004ABB902ED6}"
EndProject
Project("{9A19103F-16F7-4668-BE54-9A1E7A4F7556}") = "SDHCC.E", "SDHCC.E\SDHCC.E.csproj", "{C61A8D49-454A-4163-AAD3-27B936FBA3ED}"
EndProject
Project("{FAE04EC0-301F-11D3-BF4B-00C04F79EFBC}") = "SDHCC.Admins", "SDHCC.Admins\SDHCC.Admins.csproj", "{835B21F6-774F-4749-838C-7C77D80C309B}"
EndProject
Global
	GlobalSection(SolutionConfigurationPlatforms) = preSolution
		Debug|Any CPU = Debug|Any CPU
		Release|Any CPU = Release|Any CPU
	EndGlobalSection
	GlobalSection(ProjectConfigurationPlatforms) = postSolution
		{BF0182A3-6723-4B02-9A64-1C897DC609A0}.Debug|Any CPU.ActiveCfg = Debug|Any CPU
		{BF0182A3-6723-4B02-9A64-1C897DC609A0}.Debug|Any CPU.Build.0 = Debug|Any CPU
		{BF0182A3-6723-4B02-9A64-1C897DC609A0}.Release|Any CPU.ActiveCfg = Release|Any CPU
		{BF0182A3-6723-4B02-9A64-1C897DC609A0}.Release|Any CPU.Build.0 = Release|Any CPU
		{02ECB3B4-70B7-420D-9830-2425F8D16AB6}.Debug|Any CPU.ActiveCfg = Debug|Any CPU
		{02ECB3B4-70B7-420D-9830-2425F8D16AB6}.Debug|Any CPU.Build.0 = Debug|Any CPU
		{02ECB3B4-70B7-420D-9830-2425F8D16AB6}.Release|Any CPU.ActiveCfg = Release|Any CPU
		{02ECB3B4-70B7-420D-9830-2425F8D16AB6}.Release|Any CPU.Build.0 = Release|Any CPU
		{7FE48427-3E08-47DF-B4B6-E7B2FEAC5676}.Debug|Any CPU.ActiveCfg = Debug|Any CPU
		{7FE48427-3E08-47DF-B4B6-E7B2FEAC5676}.Debug|Any CPU.Build.0 = Debug|Any CPU
		{7FE48427-3E08-47DF-B4B6-E7B2FEAC5676}.Release|Any CPU.ActiveCfg = Release|Any CPU
		{7FE48427-3E08-47DF-B4B6-E7B2FEAC5676}.Release|Any CPU.Build.0 = Release|Any CPU
		{4373AC79-08D0-4660-B937-25D3CA7E7B35}.Debug|Any CPU.ActiveCfg = Debug|Any CPU
		{4373AC79-08D0-4660-B937-25D3CA7E7B35}.Debug|Any CPU.Build.0 = Debug|Any CPU
		{4373AC79-08D0-4660-B937-25D3CA7E7B35}.Release|Any CPU.ActiveCfg = Release|Any CPU
		{4373AC79-08D0-4660-B937-25D3CA7E7B35}.Release|Any CPU.Build.0 = Release|Any CPU
		{0B8F6471-819B-4E11-A843-1D4B9120542A}.Debug|Any CPU.ActiveCfg = Debug|Any CPU
		{0B8F6471-819B-4E11-A843-1D4B9120542A}.Debug|Any CPU.Build.0 = Debug|Any CPU
		{0B8F6471-819B-4E11-A843-1D4B9120542A}.Release|Any CPU.ActiveCfg = Release|Any CPU
		{0B8F6471-819B-4E11-A843-1D4B9120542A}.Release|Any CPU.Build.0 = Release|Any CPU
		{D9EBBBC1-13A5-4DB5-9C76-F878FE915663}.Debug|Any CPU.ActiveCfg = Debug|Any CPU
		{D9EBBBC1-13A5-4DB5-9C76-F878FE915663}.Debug|Any CPU.Build.0 = Debug|Any CPU
		{D9EBBBC1-13A5-4DB5-9C76-F878FE915663}.Release|Any CPU.ActiveCfg = Release|Any CPU
		{D9EBBBC1-13A5-4DB5-9C76-F878FE915663}.Release|Any CPU.Build.0 = Release|Any CPU
		{7BB67277-D6B0-46C1-BAC3-004ABB902ED6}.Debug|Any CPU.ActiveCfg = Debug|Any CPU
		{7BB67277-D6B0-46C1-BAC3-004ABB902ED6}.Debug|Any CPU.Build.0 = Debug|Any CPU
		{7BB67277-D6B0-46C1-BAC3-004ABB902ED6}.Release|Any CPU.ActiveCfg = Release|Any CPU
		{7BB67277-D6B0-46C1-BAC3-004ABB902ED6}.Release|Any CPU.Build.0 = Release|Any CPU
		{C61A8D49-454A-4163-AAD3-27B936FBA3ED}.Debug|Any CPU.ActiveCfg = Debug|Any CPU
		{C61A8D49-454A-4163-AAD3-27B936FBA3ED}.Debug|Any CPU.Build.0 = Debug|Any CPU
		{C61A8D49-454A-4163-AAD3-27B936FBA3ED}.Release|Any CPU.ActiveCfg = Release|Any CPU
		{C61A8D49-454A-4163-AAD3-27B936FBA3ED}.Release|Any CPU.Build.0 = Release|Any CPU
		{835B21F6-774F-4749-838C-7C77D80C309B}.Debug|Any CPU.ActiveCfg = Debug|Any CPU
		{835B21F6-774F-4749-838C-7C77D80C309B}.Debug|Any CPU.Build.0 = Debug|Any CPU
		{835B21F6-774F-4749-838C-7C77D80C309B}.Release|Any CPU.ActiveCfg = Release|Any CPU
		{835B21F6-774F-4749-838C-7C77D80C309B}.Release|Any CPU.Build.0 = Release|Any CPU
	EndGlobalSection
	GlobalSection(SolutionProperties) = preSolution
		HideSolutionNode = FALSE
	EndGlobalSection
	GlobalSection(ExtensibilityGlobals) = postSolution
		SolutionGuid = {8B83B7A9-175D-437A-B429-0E08863758D0}
	EndGlobalSection
EndGlobal
